# This file is automatically @generated by Cargo.
# It is not intended for manual editing.
version = 4

[[package]]
name = "sctx-adapter-codex"
version = "0.1.0"
dependencies = [
 "sctx-domain",
 "sctx-search",
]

[[package]]
name = "sctx-adapter-cursor"
version = "0.1.0"
dependencies = [
 "sctx-domain",
 "sctx-search",
]

[[package]]
name = "sctx-cli"
version = "0.1.0"
dependencies = [
 "sctx-adapter-codex",
 "sctx-adapter-cursor",
 "sctx-domain",
 "sctx-event-schema",
 "sctx-git-store",
 "sctx-index",
 "sctx-installer",
 "sctx-mcp",
 "sctx-search",
]

[[package]]
name = "sctx-domain"
version = "0.1.0"

[[package]]
name = "sctx-event-schema"
version = "0.1.0"
dependencies = [
 "sctx-domain",
]

[[package]]
name = "sctx-git-store"
version = "0.1.0"
dependencies = [
 "sctx-domain",
 "sctx-event-schema",
]

[[package]]
name = "sctx-index"
version = "0.1.0"
dependencies = [
 "sctx-domain",
 "sctx-event-schema",
 "sctx-git-store",
]

[[package]]
name = "sctx-installer"
version = "0.1.0"
dependencies = [
 "sctx-adapter-codex",
 "sctx-adapter-cursor",
 "sctx-domain",
]

[[package]]
name = "sctx-mcp"
version = "0.1.0"
dependencies = [
 "sctx-domain",
 "sctx-search",
]

[[package]]
name = "sctx-search"
version = "0.1.0"
dependencies = [
 "sctx-domain",
 "sctx-index",
]
